
Microsoft Visual Studio Solution File, Format Version 12.00
# Visual Studio Version 17
VisualStudioVersion = 17.9.34728.123
MinimumVisualStudioVersion = 10.0.40219.1
Project("{FAE04EC0-301F-11D3-BF4B-00C04F79EFBC}") = "SwDotnetApp", "SwDotnetApp\SwDotnetApp.csproj", "{609283CE-17C5-4ED9-815A-9111233A9299}"
EndProject
Global
	GlobalSection(SolutionConfigurationPlatforms) = preSolution
		Debug|Any CPU = Debug|Any CPU
		Release|Any CPU = Release|Any CPU
	EndGlobalSection
	GlobalSection(ProjectConfigurationPlatforms) = postSolution
		{609283CE-17C5-4ED9-815A-9111233A9299}.Debug|Any CPU.ActiveCfg = Debug|Any CPU
		{609283CE-17C5-4ED9-815A-9111233A9299}.Debug|Any CPU.Build.0 = Debug|Any CPU
		{609283CE-17C5-4ED9-815A-9111233A9299}.Release|Any CPU.ActiveCfg = Release|Any CPU
		{609283CE-17C5-4ED9-815A-9111233A9299}.Release|Any CPU.Build.0 = Release|Any CPU
	EndGlobalSection
	GlobalSection(SolutionProperties) = preSolution
		HideSolutionNode = FALSE
	EndGlobalSection
	GlobalSection(ExtensibilityGlobals) = postSolution
		SolutionGuid = {E0F8974F-B093-4619-BE47-861A89DE2DFF}
	EndGlobalSection
EndGlobal
